
Microsoft Visual Studio Solution File, Format Version 12.00
# Visual Studio Version 17
VisualStudioVersion = 17.0.31912.275
MinimumVisualStudioVersion = 10.0.40219.1
Project("{FAE04EC0-301F-11D3-BF4B-00C04F79EFBC}") = "onlineCourses", "onlineCourses\onlineCourses.csproj", "{AFDC696C-A1AC-48B3-8D74-C5402FA3C480}"
EndProject
Global
	GlobalSection(SolutionConfigurationPlatforms) = preSolution
		Debug|Any CPU = Debug|Any CPU
		Release|Any CPU = Release|Any CPU
	EndGlobalSection
	GlobalSection(ProjectConfigurationPlatforms) = postSolution
		{AFDC696C-A1AC-48B3-8D74-C5402FA3C480}.Debug|Any CPU.ActiveCfg = Debug|Any CPU
		{AFDC696C-A1AC-48B3-8D74-C5402FA3C480}.Debug|Any CPU.Build.0 = Debug|Any CPU
		{AFDC696C-A1AC-48B3-8D74-C5402FA3C480}.Release|Any CPU.ActiveCfg = Release|Any CPU
		{AFDC696C-A1AC-48B3-8D74-C5402FA3C480}.Release|Any CPU.Build.0 = Release|Any CPU
	EndGlobalSection
	GlobalSection(SolutionProperties) = preSolution
		HideSolutionNode = FALSE
	EndGlobalSection
	GlobalSection(ExtensibilityGlobals) = postSolution
		SolutionGuid = {19BB882C-9E2D-44A8-B099-9EA463E08164}
	EndGlobalSection
EndGlobal
